
Microsoft Visual Studio Solution File, Format Version 12.00
# Visual Studio Version 17
VisualStudioVersion = 17.13.35818.85 d17.13
MinimumVisualStudioVersion = 10.0.40219.1
Project("{FAE04EC0-301F-11D3-BF4B-00C04F79EFBC}") = "BookManagementSystem", "BookManagementSystem.csproj", "{909BF65F-69AB-48E8-B84B-70D32249CFB5}"
EndProject
Global
	GlobalSection(SolutionConfigurationPlatforms) = preSolution
		Debug|Any CPU = Debug|Any CPU
		Release|Any CPU = Release|Any CPU
	EndGlobalSection
	GlobalSection(ProjectConfigurationPlatforms) = postSolution
		{909BF65F-69AB-48E8-B84B-70D32249CFB5}.Debug|Any CPU.ActiveCfg = Debug|Any CPU
		{909BF65F-69AB-48E8-B84B-70D32249CFB5}.Debug|Any CPU.Build.0 = Debug|Any CPU
		{909BF65F-69AB-48E8-B84B-70D32249CFB5}.Release|Any CPU.ActiveCfg = Release|Any CPU
		{909BF65F-69AB-48E8-B84B-70D32249CFB5}.Release|Any CPU.Build.0 = Release|Any CPU
	EndGlobalSection
	GlobalSection(SolutionProperties) = preSolution
		HideSolutionNode = FALSE
	EndGlobalSection
	GlobalSection(ExtensibilityGlobals) = postSolution
		SolutionGuid = {461CA01C-F14D-42FC-85A9-42AB7D3594F2}
	EndGlobalSection
EndGlobal
